// !$*UTF8*$!
{
	archiveVersion = 1;
	classes = {
	};
	objectVersion = 46;
	objects = {

/* Begin PBXAggregateTarget section */
		924AFDF217478A400000B619 /* All */ = {
			isa = PBXAggregateTarget;
			buildConfigurationList = 924AFDF317478A400000B619 /* Build configuration list for PBXAggregateTarget "All" */;
			buildPhases = (
			);
			dependencies = (
				92DB223417539C64007BF35B /* PBXTargetDependency */,
				924AFDF617478A4A0000B619 /* PBXTargetDependency */,
				924AFDF817478A4B0000B619 /* PBXTargetDependency */,
			);
			name = All;
			productName = All;
		};
/* End PBXAggregateTarget section */

/* Begin PBXBuildFile section */
		92470685175474FC0015456F /* ledctl.cpp in Sources */ = {isa = PBXBuildFile; fileRef = 92470682175474FC0015456F /* ledctl.cpp */; };
		92470686175474FC0015456F /* SignalHandling.cpp in Sources */ = {isa = PBXBuildFile; fileRef = 92470683175474FC0015456F /* SignalHandling.cpp */; };
		924706AA17547EAB0015456F /* RgbHsv.cpp in Sources */ = {isa = PBXBuildFile; fileRef = 924706A917547EAB0015456F /* RgbHsv.cpp */; };
		924AFDF1174603A40000B619 /* libusb-1.0.0.dylib in Frameworks */ = {isa = PBXBuildFile; fileRef = 924AFDF0174603A40000B619 /* libusb-1.0.0.dylib */; };
		929E8537174D133B002DE715 /* CoreGraphics.framework in Frameworks */ = {isa = PBXBuildFile; fileRef = 929E8536174D133B002DE715 /* CoreGraphics.framework */; };
		929E853A174E2BEE002DE715 /* CoreFoundation.framework in Frameworks */ = {isa = PBXBuildFile; fileRef = 929E8530174D130D002DE715 /* CoreFoundation.framework */; };
		92DB216C1752591A007BF35B /* IOKit.framework in Frameworks */ = {isa = PBXBuildFile; fileRef = 92DB216B1752591A007BF35B /* IOKit.framework */; };
		92DB22811754694B007BF35B /* Nebula.h in Headers */ = {isa = PBXBuildFile; fileRef = 92DB22801754694B007BF35B /* Nebula.h */; };
		92DB228617546958007BF35B /* Context.h in Headers */ = {isa = PBXBuildFile; fileRef = 92DB228217546958007BF35B /* Context.h */; };
		92DB228717546958007BF35B /* Device.h in Headers */ = {isa = PBXBuildFile; fileRef = 92DB228317546958007BF35B /* Device.h */; };
		92DB228817546958007BF35B /* Context.cpp in Sources */ = {isa = PBXBuildFile; fileRef = 92DB228417546958007BF35B /* Context.cpp */; };
		92DB228917546958007BF35B /* Device.cpp in Sources */ = {isa = PBXBuildFile; fileRef = 92DB228517546958007BF35B /* Device.cpp */; };
		92DB228D17546969007BF35B /* HSV.h in Headers */ = {isa = PBXBuildFile; fileRef = 92DB228A17546969007BF35B /* HSV.h */; };
		92DB228E17546969007BF35B /* RGB.h in Headers */ = {isa = PBXBuildFile; fileRef = 92DB228B17546969007BF35B /* RGB.h */; };
		92DB228F17546969007BF35B /* RgbHsv.h in Headers */ = {isa = PBXBuildFile; fileRef = 92DB228C17546969007BF35B /* RgbHsv.h */; };
		92DB229517546976007BF35B /* Context.h in Headers */ = {isa = PBXBuildFile; fileRef = 92DB229017546976007BF35B /* Context.h */; };
		92DB229617546976007BF35B /* HAL.h in Headers */ = {isa = PBXBuildFile; fileRef = 92DB229117546976007BF35B /* HAL.h */; };
		92DB229717546976007BF35B /* USBDevice.h in Headers */ = {isa = PBXBuildFile; fileRef = 92DB229217546976007BF35B /* USBDevice.h */; };
		92DB229817546976007BF35B /* Context.cpp in Sources */ = {isa = PBXBuildFile; fileRef = 92DB229317546976007BF35B /* Context.cpp */; };
		92DB229917546976007BF35B /* USBDevice.cpp in Sources */ = {isa = PBXBuildFile; fileRef = 92DB229417546976007BF35B /* USBDevice.cpp */; };
		92FB8B05174B46BC0080F861 /* libRuntime.a in Frameworks */ = {isa = PBXBuildFile; fileRef = 92FB8B04174B46BC0080F861 /* libRuntime.a */; };
/* End PBXBuildFile section */

/* Begin PBXContainerItemProxy section */
		924AFDF517478A4A0000B619 /* PBXContainerItemProxy */ = {
			isa = PBXContainerItemProxy;
			containerPortal = 4079523D0CEA382200E202DC /* Project object */;
			proxyType = 1;
			remoteGlobalIDString = 407952600CEA391500E202DC;
			remoteInfo = firmware;
		};
		924AFDF717478A4B0000B619 /* PBXContainerItemProxy */ = {
			isa = PBXContainerItemProxy;
			containerPortal = 4079523D0CEA382200E202DC /* Project object */;
			proxyType = 1;
			remoteGlobalIDString = 924AFDE41745ED020000B619;
			remoteInfo = "LED control";
		};
		92DB223317539C64007BF35B /* PBXContainerItemProxy */ = {
			isa = PBXContainerItemProxy;
			containerPortal = 4079523D0CEA382200E202DC /* Project object */;
			proxyType = 1;
			remoteGlobalIDString = 92DB222C17539C3E007BF35B;
			remoteInfo = Library;
		};
		92DB223517539C6D007BF35B /* PBXContainerItemProxy */ = {
			isa = PBXContainerItemProxy;
			containerPortal = 4079523D0CEA382200E202DC /* Project object */;
			proxyType = 1;
			remoteGlobalIDString = 92DB222C17539C3E007BF35B;
			remoteInfo = Library;
		};
/* End PBXContainerItemProxy section */

/* Begin PBXCopyFilesBuildPhase section */
		924AFDE31745ED020000B619 /* CopyFiles */ = {
			isa = PBXCopyFilesBuildPhase;
			buildActionMask = 2147483647;
			dstPath = /usr/share/man/man1/;
			dstSubfolderSpec = 0;
			files = (
			);
			runOnlyForDeploymentPostprocessing = 1;
		};
/* End PBXCopyFilesBuildPhase section */

/* Begin PBXFileReference section */
		92470681175474FC0015456F /* ledctl.1 */ = {isa = PBXFileReference; fileEncoding = 4; lastKnownFileType = text.man; path = ledctl.1; sourceTree = "<group>"; };
		92470682175474FC0015456F /* ledctl.cpp */ = {isa = PBXFileReference; fileEncoding = 4; lastKnownFileType = sourcecode.cpp.cpp; path = ledctl.cpp; sourceTree = "<group>"; };
		92470683175474FC0015456F /* SignalHandling.cpp */ = {isa = PBXFileReference; fileEncoding = 4; lastKnownFileType = sourcecode.cpp.cpp; path = SignalHandling.cpp; sourceTree = "<group>"; };
		92470684175474FC0015456F /* SignalHandling.h */ = {isa = PBXFileReference; fileEncoding = 4; lastKnownFileType = sourcecode.c.h; path = SignalHandling.h; sourceTree = "<group>"; };
		924706881754752E0015456F /* main.cpp */ = {isa = PBXFileReference; fileEncoding = 4; lastKnownFileType = sourcecode.cpp.cpp; path = main.cpp; sourceTree = "<group>"; };
		9247068C1754752E0015456F /* Makefile */ = {isa = PBXFileReference; fileEncoding = 4; lastKnownFileType = sourcecode.make; path = Makefile; sourceTree = "<group>"; };
		9247068F1754752E0015456F /* asmcommon.inc */ = {isa = PBXFileReference; fileEncoding = 4; lastKnownFileType = sourcecode.pascal; path = asmcommon.inc; sourceTree = "<group>"; };
		924706901754752E0015456F /* Changelog.txt */ = {isa = PBXFileReference; fileEncoding = 4; lastKnownFileType = text; path = Changelog.txt; sourceTree = "<group>"; };
		924706911754752E0015456F /* CommercialLicense.txt */ = {isa = PBXFileReference; fileEncoding = 4; lastKnownFileType = text; path = CommercialLicense.txt; sourceTree = "<group>"; };
		924706921754752E0015456F /* License.txt */ = {isa = PBXFileReference; fileEncoding = 4; lastKnownFileType = text; path = License.txt; sourceTree = "<group>"; };
		924706931754752E0015456F /* oddebug.c */ = {isa = PBXFileReference; fileEncoding = 4; lastKnownFileType = sourcecode.c.c; path = oddebug.c; sourceTree = "<group>"; };
		924706941754752E0015456F /* oddebug.h */ = {isa = PBXFileReference; fileEncoding = 4; lastKnownFileType = sourcecode.c.h; path = oddebug.h; sourceTree = "<group>"; };
		924706951754752E0015456F /* oddebug.o */ = {isa = PBXFileReference; lastKnownFileType = "compiled.mach-o.objfile"; path = oddebug.o; sourceTree = "<group>"; };
		924706961754752E0015456F /* Readme.txt */ = {isa = PBXFileReference; fileEncoding = 4; lastKnownFileType = text; path = Readme.txt; sourceTree = "<group>"; };
		924706971754752E0015456F /* USB-ID-FAQ.txt */ = {isa = PBXFileReference; fileEncoding = 4; lastKnownFileType = text; path = "USB-ID-FAQ.txt"; sourceTree = "<group>"; };
		924706981754752E0015456F /* USB-IDs-for-free.txt */ = {isa = PBXFileReference; fileEncoding = 4; lastKnownFileType = text; path = "USB-IDs-for-free.txt"; sourceTree = "<group>"; };
		924706991754752E0015456F /* usbconfig-prototype.h */ = {isa = PBXFileReference; fileEncoding = 4; lastKnownFileType = sourcecode.c.h; path = "usbconfig-prototype.h"; sourceTree = "<group>"; };
		9247069A1754752E0015456F /* usbconfig.h */ = {isa = PBXFileReference; fileEncoding = 4; lastKnownFileType = sourcecode.c.h; path = usbconfig.h; sourceTree = "<group>"; };
		9247069B1754752E0015456F /* usbdrv.c */ = {isa = PBXFileReference; fileEncoding = 4; lastKnownFileType = sourcecode.c.c; path = usbdrv.c; sourceTree = "<group>"; };
		9247069C1754752E0015456F /* usbdrv.h */ = {isa = PBXFileReference; fileEncoding = 4; lastKnownFileType = sourcecode.c.h; path = usbdrv.h; sourceTree = "<group>"; };
		9247069D1754752E0015456F /* usbdrv.o */ = {isa = PBXFileReference; lastKnownFileType = "compiled.mach-o.objfile"; path = usbdrv.o; sourceTree = "<group>"; };
		9247069E1754752E0015456F /* usbdrvasm.asm */ = {isa = PBXFileReference; lastKnownFileType = sourcecode.asm.asm; path = usbdrvasm.asm; sourceTree = "<group>"; };
		9247069F1754752E0015456F /* usbdrvasm.o */ = {isa = PBXFileReference; lastKnownFileType = "compiled.mach-o.objfile"; path = usbdrvasm.o; sourceTree = "<group>"; };
		924706A01754752E0015456F /* usbdrvasm.S */ = {isa = PBXFileReference; fileEncoding = 4; lastKnownFileType = sourcecode.asm; path = usbdrvasm.S; sourceTree = "<group>"; };
		924706A11754752E0015456F /* usbdrvasm12.inc */ = {isa = PBXFileReference; fileEncoding = 4; lastKnownFileType = sourcecode.pascal; path = usbdrvasm12.inc; sourceTree = "<group>"; };
		924706A21754752E0015456F /* usbdrvasm128.inc */ = {isa = PBXFileReference; fileEncoding = 4; lastKnownFileType = sourcecode.pascal; path = usbdrvasm128.inc; sourceTree = "<group>"; };
		924706A31754752E0015456F /* usbdrvasm15.inc */ = {isa = PBXFileReference; fileEncoding = 4; lastKnownFileType = sourcecode.pascal; path = usbdrvasm15.inc; sourceTree = "<group>"; };
		924706A41754752E0015456F /* usbdrvasm16.inc */ = {isa = PBXFileReference; fileEncoding = 4; lastKnownFileType = sourcecode.pascal; path = usbdrvasm16.inc; sourceTree = "<group>"; };
		924706A51754752E0015456F /* usbdrvasm165.inc */ = {isa = PBXFileReference; fileEncoding = 4; lastKnownFileType = sourcecode.pascal; path = usbdrvasm165.inc; sourceTree = "<group>"; };
		924706A61754752E0015456F /* usbdrvasm18-crc.inc */ = {isa = PBXFileReference; fileEncoding = 4; lastKnownFileType = sourcecode.pascal; path = "usbdrvasm18-crc.inc"; sourceTree = "<group>"; };
		924706A71754752E0015456F /* usbdrvasm20.inc */ = {isa = PBXFileReference; fileEncoding = 4; lastKnownFileType = sourcecode.pascal; path = usbdrvasm20.inc; sourceTree = "<group>"; };
		924706A81754752E0015456F /* usbportability.h */ = {isa = PBXFileReference; fileEncoding = 4; lastKnownFileType = sourcecode.c.h; path = usbportability.h; sourceTree = "<group>"; };
		924706A917547EAB0015456F /* RgbHsv.cpp */ = {isa = PBXFileReference; fileEncoding = 4; lastKnownFileType = sourcecode.cpp.cpp; name = RgbHsv.cpp; path = Sources/Nebula/Color/RgbHsv.cpp; sourceTree = "<group>"; };
		924AFDE51745ED020000B619 /* leds */ = {isa = PBXFileReference; explicitFileType = "compiled.mach-o.executable"; includeInIndex = 0; path = leds; sourceTree = BUILT_PRODUCTS_DIR; };
		924AFDF0174603A40000B619 /* libusb-1.0.0.dylib */ = {isa = PBXFileReference; lastKnownFileType = "compiled.mach-o.dylib"; name = "libusb-1.0.0.dylib"; path = "../../../../../usr/local/Cellar/libusb/1.0.9/lib/libusb-1.0.0.dylib"; sourceTree = "<group>"; };
		929E8530174D130D002DE715 /* CoreFoundation.framework */ = {isa = PBXFileReference; lastKnownFileType = wrapper.framework; name = CoreFoundation.framework; path = Platforms/MacOSX.platform/Developer/SDKs/MacOSX10.8.sdk/System/Library/Frameworks/CoreFoundation.framework; sourceTree = DEVELOPER_DIR; };
		929E8532174D1324002DE715 /* QuartzCore.framework */ = {isa = PBXFileReference; lastKnownFileType = wrapper.framework; name = QuartzCore.framework; path = Platforms/MacOSX.platform/Developer/SDKs/MacOSX10.8.sdk/System/Library/Frameworks/QuartzCore.framework; sourceTree = DEVELOPER_DIR; };
		929E8534174D1330002DE715 /* Quartz.framework */ = {isa = PBXFileReference; lastKnownFileType = wrapper.framework; name = Quartz.framework; path = Platforms/MacOSX.platform/Developer/SDKs/MacOSX10.8.sdk/System/Library/Frameworks/Quartz.framework; sourceTree = DEVELOPER_DIR; };
		929E8536174D133B002DE715 /* CoreGraphics.framework */ = {isa = PBXFileReference; lastKnownFileType = wrapper.framework; name = CoreGraphics.framework; path = Platforms/MacOSX.platform/Developer/SDKs/MacOSX10.8.sdk/System/Library/Frameworks/CoreGraphics.framework; sourceTree = DEVELOPER_DIR; };
		929E8538174E2BD5002DE715 /* CoreData.framework */ = {isa = PBXFileReference; lastKnownFileType = wrapper.framework; name = CoreData.framework; path = Platforms/MacOSX.platform/Developer/SDKs/MacOSX10.8.sdk/System/Library/Frameworks/CoreData.framework; sourceTree = DEVELOPER_DIR; };
		92DB216B1752591A007BF35B /* IOKit.framework */ = {isa = PBXFileReference; lastKnownFileType = wrapper.framework; name = IOKit.framework; path = Platforms/MacOSX.platform/Developer/SDKs/MacOSX10.8.sdk/System/Library/Frameworks/IOKit.framework; sourceTree = DEVELOPER_DIR; };
		92DB222D17539C3E007BF35B /* libNebula.a */ = {isa = PBXFileReference; explicitFileType = archive.ar; includeInIndex = 0; name = libNebula.a; path = libLibrary.a; sourceTree = BUILT_PRODUCTS_DIR; };
		92DB22801754694B007BF35B /* Nebula.h */ = {isa = PBXFileReference; fileEncoding = 4; lastKnownFileType = sourcecode.c.h; name = Nebula.h; path = Sources/Nebula/Nebula.h; sourceTree = "<group>"; };
		92DB228217546958007BF35B /* Context.h */ = {isa = PBXFileReference; fileEncoding = 4; lastKnownFileType = sourcecode.c.h; name = Context.h; path = Sources/Nebula/HAL/Context.h; sourceTree = "<group>"; };
		92DB228317546958007BF35B /* Device.h */ = {isa = PBXFileReference; fileEncoding = 4; lastKnownFileType = sourcecode.c.h; name = Device.h; path = Sources/Nebula/HAL/Device.h; sourceTree = "<group>"; };
		92DB228417546958007BF35B /* Context.cpp */ = {isa = PBXFileReference; fileEncoding = 4; lastKnownFileType = sourcecode.cpp.cpp; name = Context.cpp; path = Sources/Nebula/HAL/Context.cpp; sourceTree = "<group>"; };
		92DB228517546958007BF35B /* Device.cpp */ = {isa = PBXFileReference; fileEncoding = 4; lastKnownFileType = sourcecode.cpp.cpp; name = Device.cpp; path = Sources/Nebula/HAL/Device.cpp; sourceTree = "<group>"; };
		92DB228A17546969007BF35B /* HSV.h */ = {isa = PBXFileReference; fileEncoding = 4; lastKnownFileType = sourcecode.c.h; name = HSV.h; path = Sources/Nebula/Color/HSV.h; sourceTree = "<group>"; };
		92DB228B17546969007BF35B /* RGB.h */ = {isa = PBXFileReference; fileEncoding = 4; lastKnownFileType = sourcecode.c.h; name = RGB.h; path = Sources/Nebula/Color/RGB.h; sourceTree = "<group>"; };
		92DB228C17546969007BF35B /* RgbHsv.h */ = {isa = PBXFileReference; fileEncoding = 4; lastKnownFileType = sourcecode.c.h; name = RgbHsv.h; path = Sources/Nebula/Color/RgbHsv.h; sourceTree = "<group>"; };
		92DB229017546976007BF35B /* Context.h */ = {isa = PBXFileReference; fileEncoding = 4; lastKnownFileType = sourcecode.c.h; name = Context.h; path = Sources/Nebula/Apple/HAL/Context.h; sourceTree = "<group>"; };
		92DB229117546976007BF35B /* HAL.h */ = {isa = PBXFileReference; fileEncoding = 4; lastKnownFileType = sourcecode.c.h; name = HAL.h; path = Sources/Nebula/Apple/HAL/HAL.h; sourceTree = "<group>"; };
		92DB229217546976007BF35B /* USBDevice.h */ = {isa = PBXFileReference; fileEncoding = 4; lastKnownFileType = sourcecode.c.h; name = USBDevice.h; path = Sources/Nebula/Apple/HAL/USBDevice.h; sourceTree = "<group>"; };
		92DB229317546976007BF35B /* Context.cpp */ = {isa = PBXFileReference; fileEncoding = 4; lastKnownFileType = sourcecode.cpp.cpp; name = Context.cpp; path = Sources/Nebula/Apple/HAL/Context.cpp; sourceTree = "<group>"; };
		92DB229417546976007BF35B /* USBDevice.cpp */ = {isa = PBXFileReference; fileEncoding = 4; lastKnownFileType = sourcecode.cpp.cpp; name = USBDevice.cpp; path = Sources/Nebula/Apple/HAL/USBDevice.cpp; sourceTree = "<group>"; };
		92FB8B04174B46BC0080F861 /* libRuntime.a */ = {isa = PBXFileReference; lastKnownFileType = archive.ar; name = libRuntime.a; path = ../../../../private/tmp/build/Debug/libRuntime.a; sourceTree = "<group>"; };
/* End PBXFileReference section */

/* Begin PBXFrameworksBuildPhase section */
		924AFDE21745ED020000B619 /* Frameworks */ = {
			isa = PBXFrameworksBuildPhase;
			buildActionMask = 2147483647;
			files = (
				92DB216C1752591A007BF35B /* IOKit.framework in Frameworks */,
				929E853A174E2BEE002DE715 /* CoreFoundation.framework in Frameworks */,
				929E8537174D133B002DE715 /* CoreGraphics.framework in Frameworks */,
				92FB8B05174B46BC0080F861 /* libRuntime.a in Frameworks */,
				924AFDF1174603A40000B619 /* libusb-1.0.0.dylib in Frameworks */,
			);
			runOnlyForDeploymentPostprocessing = 0;
		};
		92DB222A17539C3E007BF35B /* Frameworks */ = {
			isa = PBXFrameworksBuildPhase;
			buildActionMask = 2147483647;
			files = (
			);
			runOnlyForDeploymentPostprocessing = 0;
		};
/* End PBXFrameworksBuildPhase section */

/* Begin PBXGroup section */
		4079523B0CEA382200E202DC = {
			isa = PBXGroup;
			children = (
				92DB217617539B5D007BF35B /* Sources */,
				92DB222217539BC7007BF35B /* Dependencies */,
				92DB216B1752591A007BF35B /* IOKit.framework */,
				929E8538174E2BD5002DE715 /* CoreData.framework */,
				929E8536174D133B002DE715 /* CoreGraphics.framework */,
				929E8534174D1330002DE715 /* Quartz.framework */,
				929E8532174D1324002DE715 /* QuartzCore.framework */,
				929E8530174D130D002DE715 /* CoreFoundation.framework */,
				92FB8B04174B46BC0080F861 /* libRuntime.a */,
				924AFDF0174603A40000B619 /* libusb-1.0.0.dylib */,
				924AFDE61745ED020000B619 /* Products */,
			);
			sourceTree = "<group>";
		};
		92470680175474FC0015456F /* Command Line Utility */ = {
			isa = PBXGroup;
			children = (
				92470684175474FC0015456F /* SignalHandling.h */,
				92470683175474FC0015456F /* SignalHandling.cpp */,
				92470682175474FC0015456F /* ledctl.cpp */,
				92470681175474FC0015456F /* ledctl.1 */,
			);
			name = "Command Line Utility";
			path = Sources/CommandLine;
			sourceTree = "<group>";
		};
		924706871754752E0015456F /* Firmware */ = {
			isa = PBXGroup;
			children = (
				9247068C1754752E0015456F /* Makefile */,
				924706881754752E0015456F /* main.cpp */,
				9247068E1754752E0015456F /* usbdrv */,
			);
			name = Firmware;
			path = Sources/Firmware;
			sourceTree = "<group>";
		};
		9247068E1754752E0015456F /* usbdrv */ = {
			isa = PBXGroup;
			children = (
				9247068F1754752E0015456F /* asmcommon.inc */,
				924706901754752E0015456F /* Changelog.txt */,
				924706911754752E0015456F /* CommercialLicense.txt */,
				924706921754752E0015456F /* License.txt */,
				924706931754752E0015456F /* oddebug.c */,
				924706941754752E0015456F /* oddebug.h */,
				924706951754752E0015456F /* oddebug.o */,
				924706961754752E0015456F /* Readme.txt */,
				924706971754752E0015456F /* USB-ID-FAQ.txt */,
				924706981754752E0015456F /* USB-IDs-for-free.txt */,
				924706991754752E0015456F /* usbconfig-prototype.h */,
				9247069A1754752E0015456F /* usbconfig.h */,
				9247069B1754752E0015456F /* usbdrv.c */,
				9247069C1754752E0015456F /* usbdrv.h */,
				9247069D1754752E0015456F /* usbdrv.o */,
				9247069E1754752E0015456F /* usbdrvasm.asm */,
				9247069F1754752E0015456F /* usbdrvasm.o */,
				924706A01754752E0015456F /* usbdrvasm.S */,
				924706A11754752E0015456F /* usbdrvasm12.inc */,
				924706A21754752E0015456F /* usbdrvasm128.inc */,
				924706A31754752E0015456F /* usbdrvasm15.inc */,
				924706A41754752E0015456F /* usbdrvasm16.inc */,
				924706A51754752E0015456F /* usbdrvasm165.inc */,
				924706A61754752E0015456F /* usbdrvasm18-crc.inc */,
				924706A71754752E0015456F /* usbdrvasm20.inc */,
				924706A81754752E0015456F /* usbportability.h */,
			);
			path = usbdrv;
			sourceTree = "<group>";
		};
		924AFDE61745ED020000B619 /* Products */ = {
			isa = PBXGroup;
			children = (
				924AFDE51745ED020000B619 /* leds */,
				92DB222D17539C3E007BF35B /* libNebula.a */,
			);
			name = Products;
			sourceTree = "<group>";
		};
		92DB217617539B5D007BF35B /* Sources */ = {
			isa = PBXGroup;
			children = (
				92DB22801754694B007BF35B /* Nebula.h */,
				92DB224A17539D24007BF35B /* HAL */,
				92FB8B02174B2E800080F861 /* Color */,
				92DB222117539BAF007BF35B /* Apple */,
				924706871754752E0015456F /* Firmware */,
				92470680175474FC0015456F /* Command Line Utility */,
			);
			name = Sources;
			sourceTree = "<group>";
		};
		92DB222117539BAF007BF35B /* Apple */ = {
			isa = PBXGroup;
			children = (
				92DB224B17539DD9007BF35B /* HAL */,
			);
			name = Apple;
			sourceTree = "<group>";
		};
		92DB222217539BC7007BF35B /* Dependencies */ = {
			isa = PBXGroup;
			children = (
			);
			name = Dependencies;
			sourceTree = "<group>";
		};
		92DB224A17539D24007BF35B /* HAL */ = {
			isa = PBXGroup;
			children = (
				92DB228317546958007BF35B /* Device.h */,
				92DB228517546958007BF35B /* Device.cpp */,
				92DB228217546958007BF35B /* Context.h */,
				92DB228417546958007BF35B /* Context.cpp */,
			);
			name = HAL;
			sourceTree = "<group>";
		};
		92DB224B17539DD9007BF35B /* HAL */ = {
			isa = PBXGroup;
			children = (
				92DB229117546976007BF35B /* HAL.h */,
				92DB229217546976007BF35B /* USBDevice.h */,
				92DB229417546976007BF35B /* USBDevice.cpp */,
				92DB229017546976007BF35B /* Context.h */,
				92DB229317546976007BF35B /* Context.cpp */,
			);
			name = HAL;
			sourceTree = "<group>";
		};
		92FB8B02174B2E800080F861 /* Color */ = {
			isa = PBXGroup;
			children = (
				92DB228A17546969007BF35B /* HSV.h */,
				92DB228B17546969007BF35B /* RGB.h */,
				92DB228C17546969007BF35B /* RgbHsv.h */,
				924706A917547EAB0015456F /* RgbHsv.cpp */,
			);
			name = Color;
			sourceTree = "<group>";
		};
/* End PBXGroup section */

/* Begin PBXHeadersBuildPhase section */
		92DB222B17539C3E007BF35B /* Headers */ = {
			isa = PBXHeadersBuildPhase;
			buildActionMask = 2147483647;
			files = (
				92DB22811754694B007BF35B /* Nebula.h in Headers */,
				92DB228617546958007BF35B /* Context.h in Headers */,
				92DB228717546958007BF35B /* Device.h in Headers */,
				92DB228D17546969007BF35B /* HSV.h in Headers */,
				92DB228E17546969007BF35B /* RGB.h in Headers */,
				92DB228F17546969007BF35B /* RgbHsv.h in Headers */,
				92DB229517546976007BF35B /* Context.h in Headers */,
				92DB229617546976007BF35B /* HAL.h in Headers */,
				92DB229717546976007BF35B /* USBDevice.h in Headers */,
			);
			runOnlyForDeploymentPostprocessing = 0;
		};
/* End PBXHeadersBuildPhase section */

/* Begin PBXLegacyTarget section */
		407952600CEA391500E202DC /* Firmware */ = {
			isa = PBXLegacyTarget;
			buildArgumentsString = $ACTION;
			buildConfigurationList = 407952610CEA393300E202DC /* Build configuration list for PBXLegacyTarget "Firmware" */;
			buildPhases = (
			);
			buildToolPath = /usr/bin/make;
			buildWorkingDirectory = /Users/mutexre/Projects/Nebula/Sources/Firmware;
			dependencies = (
			);
			name = Firmware;
			passBuildSettingsInEnvironment = 1;
			productName = "Build All";
		};
/* End PBXLegacyTarget section */

/* Begin PBXNativeTarget section */
		924AFDE41745ED020000B619 /* Command Line */ = {
			isa = PBXNativeTarget;
			buildConfigurationList = 924AFDEC1745ED020000B619 /* Build configuration list for PBXNativeTarget "Command Line" */;
			buildPhases = (
				924AFDE11745ED020000B619 /* Sources */,
				924AFDE21745ED020000B619 /* Frameworks */,
				924AFDE31745ED020000B619 /* CopyFiles */,
			);
			buildRules = (
			);
			dependencies = (
				92DB223617539C6D007BF35B /* PBXTargetDependency */,
			);
			name = "Command Line";
			productName = "LED control";
			productReference = 924AFDE51745ED020000B619 /* leds */;
			productType = "com.apple.product-type.tool";
		};
		92DB222C17539C3E007BF35B /* Library */ = {
			isa = PBXNativeTarget;
			buildConfigurationList = 92DB222E17539C3E007BF35B /* Build configuration list for PBXNativeTarget "Library" */;
			buildPhases = (
				92DB222917539C3E007BF35B /* Sources */,
				92DB222A17539C3E007BF35B /* Frameworks */,
				92DB222B17539C3E007BF35B /* Headers */,
			);
			buildRules = (
			);
			dependencies = (
			);
			name = Library;
			productName = Nebula;
			productReference = 92DB222D17539C3E007BF35B /* libNebula.a */;
			productType = "com.apple.product-type.library.static";
		};
/* End PBXNativeTarget section */

/* Begin PBXProject section */
		4079523D0CEA382200E202DC /* Project object */ = {
			isa = PBXProject;
			attributes = {
				LastUpgradeCheck = 0460;
			};
			buildConfigurationList = 4079523E0CEA382200E202DC /* Build configuration list for PBXProject "Nebula" */;
			compatibilityVersion = "Xcode 3.2";
			developmentRegion = English;
			hasScannedForEncodings = 0;
			knownRegions = (
				en,
			);
			mainGroup = 4079523B0CEA382200E202DC;
			productRefGroup = 924AFDE61745ED020000B619 /* Products */;
			projectDirPath = "";
			projectRoot = "";
			targets = (
				407952600CEA391500E202DC /* Firmware */,
				924AFDE41745ED020000B619 /* Command Line */,
				924AFDF217478A400000B619 /* All */,
				92DB222C17539C3E007BF35B /* Library */,
			);
		};
/* End PBXProject section */

/* Begin PBXSourcesBuildPhase section */
		924AFDE11745ED020000B619 /* Sources */ = {
			isa = PBXSourcesBuildPhase;
			buildActionMask = 2147483647;
			files = (
				92470685175474FC0015456F /* ledctl.cpp in Sources */,
				92470686175474FC0015456F /* SignalHandling.cpp in Sources */,
			);
			runOnlyForDeploymentPostprocessing = 0;
		};
		92DB222917539C3E007BF35B /* Sources */ = {
			isa = PBXSourcesBuildPhase;
			buildActionMask = 2147483647;
			files = (
				92DB228817546958007BF35B /* Context.cpp in Sources */,
				92DB228917546958007BF35B /* Device.cpp in Sources */,
				92DB229817546976007BF35B /* Context.cpp in Sources */,
				92DB229917546976007BF35B /* USBDevice.cpp in Sources */,
				924706AA17547EAB0015456F /* RgbHsv.cpp in Sources */,
			);
			runOnlyForDeploymentPostprocessing = 0;
		};
/* End PBXSourcesBuildPhase section */

/* Begin PBXTargetDependency section */
		924AFDF617478A4A0000B619 /* PBXTargetDependency */ = {
			isa = PBXTargetDependency;
			target = 407952600CEA391500E202DC /* Firmware */;
			targetProxy = 924AFDF517478A4A0000B619 /* PBXContainerItemProxy */;
		};
		924AFDF817478A4B0000B619 /* PBXTargetDependency */ = {
			isa = PBXTargetDependency;
			target = 924AFDE41745ED020000B619 /* Command Line */;
			targetProxy = 924AFDF717478A4B0000B619 /* PBXContainerItemProxy */;
		};
		92DB223417539C64007BF35B /* PBXTargetDependency */ = {
			isa = PBXTargetDependency;
			target = 92DB222C17539C3E007BF35B /* Library */;
			targetProxy = 92DB223317539C64007BF35B /* PBXContainerItemProxy */;
		};
		92DB223617539C6D007BF35B /* PBXTargetDependency */ = {
			isa = PBXTargetDependency;
			target = 92DB222C17539C3E007BF35B /* Library */;
			targetProxy = 92DB223517539C6D007BF35B /* PBXContainerItemProxy */;
		};
/* End PBXTargetDependency section */

/* Begin XCBuildConfiguration section */
		407952400CEA382200E202DC /* Release */ = {
			isa = XCBuildConfiguration;
			buildSettings = {
				COPY_PHASE_STRIP = YES;
				HEADER_SEARCH_PATHS = ../Sources;
				SYMROOT = /tmp/build;
				VERSION = 0.1;
			};
			name = Release;
		};
		407952630CEA393300E202DC /* Release */ = {
			isa = XCBuildConfiguration;
			buildSettings = {
				COMBINE_HIDPI_IMAGES = YES;
				PATH = "$(PATH):/usr/local/CrossPack-AVR/bin";
			};
			name = Release;
		};
		924AFDED1745ED020000B619 /* Release */ = {
			isa = XCBuildConfiguration;
			buildSettings = {
				ALWAYS_SEARCH_USER_PATHS = NO;
				ARCHS = "$(ARCHS_STANDARD_64_BIT)";
				BOOST_PATH = /Volumes/AUX/Programming/boost_1_53_0;
				CLANG_CXX_LANGUAGE_STANDARD = "gnu++0x";
				CLANG_CXX_LIBRARY = "libc++";
				CLANG_WARN_CONSTANT_CONVERSION = YES;
				CLANG_WARN_EMPTY_BODY = YES;
				CLANG_WARN_ENUM_CONVERSION = YES;
				CLANG_WARN_INT_CONVERSION = YES;
				CLANG_WARN__DUPLICATE_METHOD_MATCH = YES;
				DEBUG_INFORMATION_FORMAT = "dwarf-with-dsym";
				GCC_C_LANGUAGE_STANDARD = gnu99;
				GCC_ENABLE_OBJC_EXCEPTIONS = YES;
				GCC_GENERATE_DEBUGGING_SYMBOLS = NO;
				GCC_PREPROCESSOR_DEFINITIONS = "VERSION=${VERSION}";
				GCC_WARN_64_TO_32_BIT_CONVERSION = YES;
				GCC_WARN_ABOUT_RETURN_TYPE = YES;
				GCC_WARN_UNINITIALIZED_AUTOS = YES;
				GCC_WARN_UNUSED_VARIABLE = YES;
				HEADER_SEARCH_PATHS = (
					"/usr/local/include/libusb-1.0",
					"${RUNTIME_PATH}/Sources",
					"${BOOST_PATH}",
					"${RAPIDXML_PATH}",
					Sources,
				);
				LIBRARY_SEARCH_PATHS = (
					/usr/local/lib,
					/usr/local/Cellar/libusb/1.0.9/lib,
					/tmp/build/Release,
				);
				MACOSX_DEPLOYMENT_TARGET = 10.8;
				PRODUCT_NAME = leds;
				RAPIDXML_PATH = "${RUNTIME_PATH}/Dependencies/rapidxml-1.13";
				RUNTIME_PATH = ../Runtime;
				SDKROOT = macosx;
			};
			name = Release;
		};
		924AFDF417478A400000B619 /* Release */ = {
			isa = XCBuildConfiguration;
			buildSettings = {
				PRODUCT_NAME = "$(TARGET_NAME)";
				SYMROOT = build;
			};
			name = Release;
		};
		929E853B174E3596002DE715 /* Debug */ = {
			isa = XCBuildConfiguration;
			buildSettings = {
				COPY_PHASE_STRIP = YES;
				HEADER_SEARCH_PATHS = ../Sources;
				SYMROOT = /tmp/build;
				VERSION = 0.1;
			};
			name = Debug;
		};
		929E853C174E3596002DE715 /* Debug */ = {
			isa = XCBuildConfiguration;
			buildSettings = {
				COMBINE_HIDPI_IMAGES = YES;
				PATH = "$(PATH):/usr/local/CrossPack-AVR/bin";
			};
			name = Debug;
		};
		929E853D174E3596002DE715 /* Debug */ = {
			isa = XCBuildConfiguration;
			buildSettings = {
				ALWAYS_SEARCH_USER_PATHS = NO;
				ARCHS = "$(ARCHS_STANDARD_64_BIT)";
				BOOST_PATH = /Volumes/AUX/Programming/boost_1_53_0;
				CLANG_CXX_LANGUAGE_STANDARD = "gnu++0x";
				CLANG_CXX_LIBRARY = "libc++";
				CLANG_WARN_CONSTANT_CONVERSION = YES;
				CLANG_WARN_EMPTY_BODY = YES;
				CLANG_WARN_ENUM_CONVERSION = YES;
				CLANG_WARN_INT_CONVERSION = YES;
				CLANG_WARN__DUPLICATE_METHOD_MATCH = YES;
				DEBUG_INFORMATION_FORMAT = "dwarf-with-dsym";
				GCC_C_LANGUAGE_STANDARD = gnu99;
				GCC_ENABLE_OBJC_EXCEPTIONS = YES;
				GCC_OPTIMIZATION_LEVEL = 0;
				GCC_PREPROCESSOR_DEFINITIONS = "VERSION=${VERSION}";
				GCC_SYMBOLS_PRIVATE_EXTERN = NO;
				GCC_WARN_64_TO_32_BIT_CONVERSION = YES;
				GCC_WARN_ABOUT_RETURN_TYPE = YES;
				GCC_WARN_UNINITIALIZED_AUTOS = YES;
				GCC_WARN_UNUSED_VARIABLE = YES;
				HEADER_SEARCH_PATHS = (
					"/usr/local/include/libusb-1.0",
					"${RUNTIME_PATH}/Sources",
					"${BOOST_PATH}",
					"${RAPIDXML_PATH}",
					Sources,
				);
				LIBRARY_SEARCH_PATHS = (
					/usr/local/lib,
					/usr/local/Cellar/libusb/1.0.9/lib,
					/tmp/build/Debug,
				);
				MACOSX_DEPLOYMENT_TARGET = 10.8;
				PRODUCT_NAME = leds;
				RAPIDXML_PATH = "${RUNTIME_PATH}/Dependencies/rapidxml-1.13";
				RUNTIME_PATH = ../Runtime;
				SDKROOT = macosx;
			};
			name = Debug;
		};
		929E853E174E3596002DE715 /* Debug */ = {
			isa = XCBuildConfiguration;
			buildSettings = {
				PRODUCT_NAME = "$(TARGET_NAME)";
				SYMROOT = build;
			};
			name = Debug;
		};
		92DB222F17539C3E007BF35B /* Release */ = {
			isa = XCBuildConfiguration;
			buildSettings = {
				ALWAYS_SEARCH_USER_PATHS = NO;
				ARCHS = "$(ARCHS_STANDARD_64_BIT)";
				BOOST_PATH = /Volumes/AUX/Programming/boost_1_53_0;
				CLANG_CXX_LANGUAGE_STANDARD = "gnu++0x";
				CLANG_CXX_LIBRARY = "libc++";
				CLANG_WARN_CONSTANT_CONVERSION = YES;
				CLANG_WARN_EMPTY_BODY = YES;
				CLANG_WARN_ENUM_CONVERSION = YES;
				CLANG_WARN_INT_CONVERSION = YES;
				CLANG_WARN__DUPLICATE_METHOD_MATCH = YES;
				DEBUG_INFORMATION_FORMAT = "dwarf-with-dsym";
				EXECUTABLE_PREFIX = lib;
				GCC_C_LANGUAGE_STANDARD = gnu99;
				GCC_ENABLE_OBJC_EXCEPTIONS = YES;
				GCC_WARN_64_TO_32_BIT_CONVERSION = YES;
				GCC_WARN_ABOUT_RETURN_TYPE = YES;
				GCC_WARN_UNINITIALIZED_AUTOS = YES;
				GCC_WARN_UNUSED_VARIABLE = YES;
				HEADER_SEARCH_PATHS = (
					Sources,
					"${RUNTIME_PATH}/Sources",
					"${RAPIDXML_PATH}",
					"${BOOST_PATH}",
				);
				MACOSX_DEPLOYMENT_TARGET = 10.8;
				PRODUCT_NAME = "$(TARGET_NAME)";
				RAPIDXML_PATH = "${RUNTIME_PATH}/Dependencies/rapidxml-1.13";
				RUNTIME_PATH = ../Runtime;
				SDKROOT = macosx;
			};
			name = Release;
		};
		92DB223017539C3E007BF35B /* Debug */ = {
			isa = XCBuildConfiguration;
			buildSettings = {
				ALWAYS_SEARCH_USER_PATHS = NO;
				ARCHS = "$(ARCHS_STANDARD_64_BIT)";
				BOOST_PATH = /Volumes/AUX/Programming/boost_1_53_0;
				CLANG_CXX_LANGUAGE_STANDARD = "gnu++0x";
				CLANG_CXX_LIBRARY = "libc++";
				CLANG_WARN_CONSTANT_CONVERSION = YES;
				CLANG_WARN_EMPTY_BODY = YES;
				CLANG_WARN_ENUM_CONVERSION = YES;
				CLANG_WARN_INT_CONVERSION = YES;
				CLANG_WARN__DUPLICATE_METHOD_MATCH = YES;
				COPY_PHASE_STRIP = NO;
				EXECUTABLE_PREFIX = lib;
				GCC_C_LANGUAGE_STANDARD = gnu99;
				GCC_DYNAMIC_NO_PIC = NO;
				GCC_ENABLE_OBJC_EXCEPTIONS = YES;
				GCC_OPTIMIZATION_LEVEL = 0;
				GCC_PREPROCESSOR_DEFINITIONS = (
					"DEBUG=1",
					"$(inherited)",
				);
				GCC_SYMBOLS_PRIVATE_EXTERN = NO;
				GCC_WARN_64_TO_32_BIT_CONVERSION = YES;
				GCC_WARN_ABOUT_RETURN_TYPE = YES;
				GCC_WARN_UNINITIALIZED_AUTOS = YES;
				GCC_WARN_UNUSED_VARIABLE = YES;
				HEADER_SEARCH_PATHS = (
					Sources,
					"${RUNTIME_PATH}/Sources",
					"${RAPIDXML_PATH}",
					"${BOOST_PATH}",
				);
				MACOSX_DEPLOYMENT_TARGET = 10.8;
				ONLY_ACTIVE_ARCH = YES;
				PRODUCT_NAME = "$(TARGET_NAME)";
				RAPIDXML_PATH = "${RUNTIME_PATH}/Dependencies/rapidxml-1.13";
				RUNTIME_PATH = ../Runtime;
				SDKROOT = macosx;
			};
			name = Debug;
		};
/* End XCBuildConfiguration section */

/* Begin XCConfigurationList section */
		4079523E0CEA382200E202DC /* Build configuration list for PBXProject "Nebula" */ = {
			isa = XCConfigurationList;
			buildConfigurations = (
				407952400CEA382200E202DC /* Release */,
				929E853B174E3596002DE715 /* Debug */,
			);
			defaultConfigurationIsVisible = 0;
			defaultConfigurationName = Release;
		};
		407952610CEA393300E202DC /* Build configuration list for PBXLegacyTarget "Firmware" */ = {
			isa = XCConfigurationList;
			buildConfigurations = (
				407952630CEA393300E202DC /* Release */,
				929E853C174E3596002DE715 /* Debug */,
			);
			defaultConfigurationIsVisible = 0;
			defaultConfigurationName = Release;
		};
		924AFDEC1745ED020000B619 /* Build configuration list for PBXNativeTarget "Command Line" */ = {
			isa = XCConfigurationList;
			buildConfigurations = (
				924AFDED1745ED020000B619 /* Release */,
				929E853D174E3596002DE715 /* Debug */,
			);
			defaultConfigurationIsVisible = 0;
			defaultConfigurationName = Release;
		};
		924AFDF317478A400000B619 /* Build configuration list for PBXAggregateTarget "All" */ = {
			isa = XCConfigurationList;
			buildConfigurations = (
				924AFDF417478A400000B619 /* Release */,
				929E853E174E3596002DE715 /* Debug */,
			);
			defaultConfigurationIsVisible = 0;
			defaultConfigurationName = Release;
		};
		92DB222E17539C3E007BF35B /* Build configuration list for PBXNativeTarget "Library" */ = {
			isa = XCConfigurationList;
			buildConfigurations = (
				92DB222F17539C3E007BF35B /* Release */,
				92DB223017539C3E007BF35B /* Debug */,
			);
			defaultConfigurationIsVisible = 0;
			defaultConfigurationName = Release;
		};
/* End XCConfigurationList section */
	};
	rootObject = 4079523D0CEA382200E202DC /* Project object */;
}
